
Microsoft Visual Studio Solution File, Format Version 12.00
# Visual Studio Version 17
VisualStudioVersion = 17.7.34018.315
MinimumVisualStudioVersion = 10.0.40219.1
Project("{FAE04EC0-301F-11D3-BF4B-00C04F79EFBC}") = "ConsoleApp1", "ConsoleApp1.csproj", "{BCCB6AF6-E282-40B0-B7C2-437752485971}"
EndProject
Global
	GlobalSection(SolutionConfigurationPlatforms) = preSolution
		Debug|Any CPU = Debug|Any CPU
		Release|Any CPU = Release|Any CPU
	EndGlobalSection
	GlobalSection(ProjectConfigurationPlatforms) = postSolution
		{BCCB6AF6-E282-40B0-B7C2-437752485971}.Debug|Any CPU.ActiveCfg = Debug|Any CPU
		{BCCB6AF6-E282-40B0-B7C2-437752485971}.Debug|Any CPU.Build.0 = Debug|Any CPU
		{BCCB6AF6-E282-40B0-B7C2-437752485971}.Release|Any CPU.ActiveCfg = Release|Any CPU
		{BCCB6AF6-E282-40B0-B7C2-437752485971}.Release|Any CPU.Build.0 = Release|Any CPU
	EndGlobalSection
	GlobalSection(SolutionProperties) = preSolution
		HideSolutionNode = FALSE
	EndGlobalSection
	GlobalSection(ExtensibilityGlobals) = postSolution
		SolutionGuid = {174BF59F-BDBB-49CE-9416-1F6FE3A01764}
	EndGlobalSection
EndGlobal
